{
  "pins" : [
    {
      "identity" : "aulisalibrary",
      "kind" : "remoteSourceControl",
      "location" : "https://github.com/aulisataiwan/AulisaLibrary",
      "state" : {
        "revision" : "7bfd8ab2e2430d62cc05f34956e43c93c1fdba8b",
        "version" : "1.0.1"
      }
    }
  ],
  "version" : 2
}
